
Microsoft Visual Studio Solution File, Format Version 12.00
# Visual Studio Version 16
VisualStudioVersion = 16.0.30621.155
MinimumVisualStudioVersion = 10.0.40219.1
Project("{FAE04EC0-301F-11D3-BF4B-00C04F79EFBC}") = "01_Cafe_Console_Repo", "GoldBadgeProject_Cafe\01_Cafe_Console_Repo.csproj", "{5D46027D-A9C3-41D1-8C4D-20E27C6A570B}"
EndProject
Project("{FAE04EC0-301F-11D3-BF4B-00C04F79EFBC}") = "01_Cafe_Console_App", "GoldBadgeCafeProject_Console\01_Cafe_Console_App.csproj", "{3D646D51-275E-4FF2-874E-BB04CA67677E}"
EndProject
Project("{FAE04EC0-301F-11D3-BF4B-00C04F79EFBC}") = "01_Cafe_Console_Test", "GoldBadgeCafeProject_Test\01_Cafe_Console_Test.csproj", "{1ABF3ADF-BCAC-4DF2-BA47-0E4D28A32A46}"
EndProject
Project("{FAE04EC0-301F-11D3-BF4B-00C04F79EFBC}") = "02_Claims_Console_App", "02_Claims_Console_App\02_Claims_Console_App.csproj", "{12D36610-4846-4D0A-9415-7D3484E84C83}"
EndProject
Project("{FAE04EC0-301F-11D3-BF4B-00C04F79EFBC}") = "02_Claims_Console_Test", "02_Claims_Console_Test\02_Claims_Console_Test.csproj", "{70773333-319F-4F96-A6B2-33184BF7EA66}"
EndProject
Project("{FAE04EC0-301F-11D3-BF4B-00C04F79EFBC}") = "02_Claims_Console_Repo", "Mark_Library\02_Claims_Console_Repo.csproj", "{BCA69985-3117-407D-9AA9-FA33746B899D}"
EndProject
Global
	GlobalSection(SolutionConfigurationPlatforms) = preSolution
		Debug|Any CPU = Debug|Any CPU
		Release|Any CPU = Release|Any CPU
	EndGlobalSection
	GlobalSection(ProjectConfigurationPlatforms) = postSolution
		{5D46027D-A9C3-41D1-8C4D-20E27C6A570B}.Debug|Any CPU.ActiveCfg = Debug|Any CPU
		{5D46027D-A9C3-41D1-8C4D-20E27C6A570B}.Debug|Any CPU.Build.0 = Debug|Any CPU
		{5D46027D-A9C3-41D1-8C4D-20E27C6A570B}.Release|Any CPU.ActiveCfg = Release|Any CPU
		{5D46027D-A9C3-41D1-8C4D-20E27C6A570B}.Release|Any CPU.Build.0 = Release|Any CPU
		{3D646D51-275E-4FF2-874E-BB04CA67677E}.Debug|Any CPU.ActiveCfg = Debug|Any CPU
		{3D646D51-275E-4FF2-874E-BB04CA67677E}.Debug|Any CPU.Build.0 = Debug|Any CPU
		{3D646D51-275E-4FF2-874E-BB04CA67677E}.Release|Any CPU.ActiveCfg = Release|Any CPU
		{3D646D51-275E-4FF2-874E-BB04CA67677E}.Release|Any CPU.Build.0 = Release|Any CPU
		{1ABF3ADF-BCAC-4DF2-BA47-0E4D28A32A46}.Debug|Any CPU.ActiveCfg = Debug|Any CPU
		{1ABF3ADF-BCAC-4DF2-BA47-0E4D28A32A46}.Debug|Any CPU.Build.0 = Debug|Any CPU
		{1ABF3ADF-BCAC-4DF2-BA47-0E4D28A32A46}.Release|Any CPU.ActiveCfg = Release|Any CPU
		{1ABF3ADF-BCAC-4DF2-BA47-0E4D28A32A46}.Release|Any CPU.Build.0 = Release|Any CPU
		{12D36610-4846-4D0A-9415-7D3484E84C83}.Debug|Any CPU.ActiveCfg = Debug|Any CPU
		{12D36610-4846-4D0A-9415-7D3484E84C83}.Debug|Any CPU.Build.0 = Debug|Any CPU
		{12D36610-4846-4D0A-9415-7D3484E84C83}.Release|Any CPU.ActiveCfg = Release|Any CPU
		{12D36610-4846-4D0A-9415-7D3484E84C83}.Release|Any CPU.Build.0 = Release|Any CPU
		{70773333-319F-4F96-A6B2-33184BF7EA66}.Debug|Any CPU.ActiveCfg = Debug|Any CPU
		{70773333-319F-4F96-A6B2-33184BF7EA66}.Debug|Any CPU.Build.0 = Debug|Any CPU
		{70773333-319F-4F96-A6B2-33184BF7EA66}.Release|Any CPU.ActiveCfg = Release|Any CPU
		{70773333-319F-4F96-A6B2-33184BF7EA66}.Release|Any CPU.Build.0 = Release|Any CPU
		{BCA69985-3117-407D-9AA9-FA33746B899D}.Debug|Any CPU.ActiveCfg = Debug|Any CPU
		{BCA69985-3117-407D-9AA9-FA33746B899D}.Debug|Any CPU.Build.0 = Debug|Any CPU
		{BCA69985-3117-407D-9AA9-FA33746B899D}.Release|Any CPU.ActiveCfg = Release|Any CPU
		{BCA69985-3117-407D-9AA9-FA33746B899D}.Release|Any CPU.Build.0 = Release|Any CPU
	EndGlobalSection
	GlobalSection(SolutionProperties) = preSolution
		HideSolutionNode = FALSE
	EndGlobalSection
	GlobalSection(ExtensibilityGlobals) = postSolution
		SolutionGuid = {EF787BFC-194D-4882-B79B-75D5DC2DD5B7}
	EndGlobalSection
EndGlobal
